
Microsoft Visual Studio Solution File, Format Version 12.00
# Visual Studio Version 16
VisualStudioVersion = 16.0.29806.167
MinimumVisualStudioVersion = 10.0.40219.1
Project("{FAE04EC0-301F-11D3-BF4B-00C04F79EFBC}") = "BosMetApenAsynchroon", "BosMetApenAsynchroon\BosMetApenAsynchroon.csproj", "{F6F400BC-5337-4FA1-AD9F-3F2A4A2B3237}"
EndProject
Global
	GlobalSection(SolutionConfigurationPlatforms) = preSolution
		Debug|Any CPU = Debug|Any CPU
		Release|Any CPU = Release|Any CPU
	EndGlobalSection
	GlobalSection(ProjectConfigurationPlatforms) = postSolution
		{F6F400BC-5337-4FA1-AD9F-3F2A4A2B3237}.Debug|Any CPU.ActiveCfg = Debug|Any CPU
		{F6F400BC-5337-4FA1-AD9F-3F2A4A2B3237}.Debug|Any CPU.Build.0 = Debug|Any CPU
		{F6F400BC-5337-4FA1-AD9F-3F2A4A2B3237}.Release|Any CPU.ActiveCfg = Release|Any CPU
		{F6F400BC-5337-4FA1-AD9F-3F2A4A2B3237}.Release|Any CPU.Build.0 = Release|Any CPU
	EndGlobalSection
	GlobalSection(SolutionProperties) = preSolution
		HideSolutionNode = FALSE
	EndGlobalSection
	GlobalSection(ExtensibilityGlobals) = postSolution
		SolutionGuid = {39636CFA-689A-4375-9136-41802249A66C}
	EndGlobalSection
EndGlobal
